
Microsoft Visual Studio Solution File, Format Version 12.00
# Visual Studio Version 17
VisualStudioVersion = 17.9.34728.123
MinimumVisualStudioVersion = 10.0.40219.1
Project("{FAE04EC0-301F-11D3-BF4B-00C04F79EFBC}") = "SPCRUDAPI", "SPCRUDAPI\SPCRUDAPI.csproj", "{0D36789F-18E8-4B97-A4B8-05CD24E9F56C}"
EndProject
Global
	GlobalSection(SolutionConfigurationPlatforms) = preSolution
		Debug|Any CPU = Debug|Any CPU
		Release|Any CPU = Release|Any CPU
	EndGlobalSection
	GlobalSection(ProjectConfigurationPlatforms) = postSolution
		{0D36789F-18E8-4B97-A4B8-05CD24E9F56C}.Debug|Any CPU.ActiveCfg = Debug|Any CPU
		{0D36789F-18E8-4B97-A4B8-05CD24E9F56C}.Debug|Any CPU.Build.0 = Debug|Any CPU
		{0D36789F-18E8-4B97-A4B8-05CD24E9F56C}.Release|Any CPU.ActiveCfg = Release|Any CPU
		{0D36789F-18E8-4B97-A4B8-05CD24E9F56C}.Release|Any CPU.Build.0 = Release|Any CPU
	EndGlobalSection
	GlobalSection(SolutionProperties) = preSolution
		HideSolutionNode = FALSE
	EndGlobalSection
	GlobalSection(ExtensibilityGlobals) = postSolution
		SolutionGuid = {22B92429-8AE6-4C89-B5D9-83AA7C2450A1}
	EndGlobalSection
EndGlobal
